{
  "pins" : [
    {
      "identity" : "movieslistlibrary",
      "kind" : "remoteSourceControl",
      "location" : "https://github.com/alexzhauniarovich/MoviesListLibrary.git",
      "state" : {
        "branch" : "implementation",
        "revision" : "e87f7f797d2e3b217e80c09ef653da2cfc80bd13"
      }
    }
  ],
  "version" : 2
}
