{
  "pins" : [
    {
      "identity" : "movieslistlibrary",
      "kind" : "remoteSourceControl",
      "location" : "https://github.com/alexzhauniarovich/MoviesListLibrary.git",
      "state" : {
        "branch" : "implementation",
        "revision" : "7108e19d8ed9fe54f4ac5e0dac13903c6fc61c3d"
      }
    }
  ],
  "version" : 2
}
